
Microsoft Visual Studio Solution File, Format Version 12.00
# Visual Studio Version 16
VisualStudioVersion = 16.0.29215.179
MinimumVisualStudioVersion = 10.0.40219.1
Project("{FAE04EC0-301F-11D3-BF4B-00C04F79EFBC}") = "Controller", "Controller\Controller.csproj", "{F04FFD15-511D-4B33-B0F7-F4723D854F9D}"
EndProject
Project("{2150E333-8FDC-42A3-9474-1A3956D46DE8}") = "Tests", "Tests", "{FD7E1AE6-A339-482A-9127-E151FC88771A}"
EndProject
Project("{FAE04EC0-301F-11D3-BF4B-00C04F79EFBC}") = "IntegrationTests", "Tests\IntegrationTests\IntegrationTests.csproj", "{593E417F-56E8-4511-BDA0-8FBC3BAF4017}"
EndProject
Project("{FAE04EC0-301F-11D3-BF4B-00C04F79EFBC}") = "MainService", "MainService\MainService.csproj", "{07FBBADF-F9F7-4F48-BBF9-510FBDB2EDFD}"
EndProject
Project("{FAE04EC0-301F-11D3-BF4B-00C04F79EFBC}") = "ControllerTests", "Tests\ControllerTest\ControllerTests.csproj", "{697BFC18-C273-4CDC-8E22-17D82D482601}"
EndProject
Global
	GlobalSection(SolutionConfigurationPlatforms) = preSolution
		Debug|Any CPU = Debug|Any CPU
		Release|Any CPU = Release|Any CPU
	EndGlobalSection
	GlobalSection(ProjectConfigurationPlatforms) = postSolution
		{F04FFD15-511D-4B33-B0F7-F4723D854F9D}.Debug|Any CPU.ActiveCfg = Debug|Any CPU
		{F04FFD15-511D-4B33-B0F7-F4723D854F9D}.Debug|Any CPU.Build.0 = Debug|Any CPU
		{F04FFD15-511D-4B33-B0F7-F4723D854F9D}.Release|Any CPU.ActiveCfg = Release|Any CPU
		{F04FFD15-511D-4B33-B0F7-F4723D854F9D}.Release|Any CPU.Build.0 = Release|Any CPU
		{593E417F-56E8-4511-BDA0-8FBC3BAF4017}.Debug|Any CPU.ActiveCfg = Debug|Any CPU
		{593E417F-56E8-4511-BDA0-8FBC3BAF4017}.Debug|Any CPU.Build.0 = Debug|Any CPU
		{593E417F-56E8-4511-BDA0-8FBC3BAF4017}.Release|Any CPU.ActiveCfg = Release|Any CPU
		{593E417F-56E8-4511-BDA0-8FBC3BAF4017}.Release|Any CPU.Build.0 = Release|Any CPU
		{07FBBADF-F9F7-4F48-BBF9-510FBDB2EDFD}.Debug|Any CPU.ActiveCfg = Debug|Any CPU
		{07FBBADF-F9F7-4F48-BBF9-510FBDB2EDFD}.Debug|Any CPU.Build.0 = Debug|Any CPU
		{07FBBADF-F9F7-4F48-BBF9-510FBDB2EDFD}.Release|Any CPU.ActiveCfg = Release|Any CPU
		{07FBBADF-F9F7-4F48-BBF9-510FBDB2EDFD}.Release|Any CPU.Build.0 = Release|Any CPU
		{697BFC18-C273-4CDC-8E22-17D82D482601}.Debug|Any CPU.ActiveCfg = Debug|Any CPU
		{697BFC18-C273-4CDC-8E22-17D82D482601}.Debug|Any CPU.Build.0 = Debug|Any CPU
		{697BFC18-C273-4CDC-8E22-17D82D482601}.Release|Any CPU.ActiveCfg = Release|Any CPU
		{697BFC18-C273-4CDC-8E22-17D82D482601}.Release|Any CPU.Build.0 = Release|Any CPU
	EndGlobalSection
	GlobalSection(SolutionProperties) = preSolution
		HideSolutionNode = FALSE
	EndGlobalSection
	GlobalSection(NestedProjects) = preSolution
		{593E417F-56E8-4511-BDA0-8FBC3BAF4017} = {FD7E1AE6-A339-482A-9127-E151FC88771A}
		{697BFC18-C273-4CDC-8E22-17D82D482601} = {FD7E1AE6-A339-482A-9127-E151FC88771A}
	EndGlobalSection
	GlobalSection(ExtensibilityGlobals) = postSolution
		SolutionGuid = {3F4A5B08-A021-43D8-AECD-5C469889AADE}
	EndGlobalSection
EndGlobal
